// !$*UTF8*$!
{
	archiveVersion = 1;
	classes = {
	};
	objectVersion = 50;
	objects = {

/* Begin PBXBuildFile section */
		34533E1221A394CB007B3F56 /* main.cpp in Sources */ = {isa = PBXBuildFile; fileRef = 34533E1121A394CB007B3F56 /* main.cpp */; };
		34533E1A21D5B2E4007B3F56 /* GameRulesUtility.cpp in Sources */ = {isa = PBXBuildFile; fileRef = 34533E1821D5B2E4007B3F56 /* GameRulesUtility.cpp */; };
		34CEE63E21DD9C65001A0DBE /* Constants.cpp in Sources */ = {isa = PBXBuildFile; fileRef = 34CEE63C21DD9C65001A0DBE /* Constants.cpp */; };
		34CEE64421DD9E43001A0DBE /* GameRuleActions.cpp in Sources */ = {isa = PBXBuildFile; fileRef = 34CEE64221DD9E43001A0DBE /* GameRuleActions.cpp */; };
		34CEE64821DEDF56001A0DBE /* GameActionUtility.cpp in Sources */ = {isa = PBXBuildFile; fileRef = 34CEE64621DEDF56001A0DBE /* GameActionUtility.cpp */; };
/* End PBXBuildFile section */

/* Begin PBXCopyFilesBuildPhase section */
		34533E0C21A394CB007B3F56 /* CopyFiles */ = {
			isa = PBXCopyFilesBuildPhase;
			buildActionMask = 2147483647;
			dstPath = /usr/share/man/man1/;
			dstSubfolderSpec = 0;
			files = (
			);
			runOnlyForDeploymentPostprocessing = 1;
		};
/* End PBXCopyFilesBuildPhase section */

/* Begin PBXFileReference section */
		34533E0E21A394CB007B3F56 /* CPlusPlusProject */ = {isa = PBXFileReference; explicitFileType = "compiled.mach-o.executable"; includeInIndex = 0; path = CPlusPlusProject; sourceTree = BUILT_PRODUCTS_DIR; };
		34533E1121A394CB007B3F56 /* main.cpp */ = {isa = PBXFileReference; lastKnownFileType = sourcecode.cpp.cpp; path = main.cpp; sourceTree = "<group>"; };
		34533E1821D5B2E4007B3F56 /* GameRulesUtility.cpp */ = {isa = PBXFileReference; lastKnownFileType = sourcecode.cpp.cpp; path = GameRulesUtility.cpp; sourceTree = "<group>"; };
		34533E1921D5B2E4007B3F56 /* GameRulesUtility.hpp */ = {isa = PBXFileReference; lastKnownFileType = sourcecode.cpp.h; path = GameRulesUtility.hpp; sourceTree = "<group>"; };
		34CEE63C21DD9C65001A0DBE /* Constants.cpp */ = {isa = PBXFileReference; lastKnownFileType = sourcecode.cpp.cpp; path = Constants.cpp; sourceTree = "<group>"; };
		34CEE63D21DD9C65001A0DBE /* Constants.hpp */ = {isa = PBXFileReference; lastKnownFileType = sourcecode.cpp.h; path = Constants.hpp; sourceTree = "<group>"; };
		34CEE64221DD9E43001A0DBE /* GameRuleActions.cpp */ = {isa = PBXFileReference; lastKnownFileType = sourcecode.cpp.cpp; path = GameRuleActions.cpp; sourceTree = "<group>"; };
		34CEE64321DD9E43001A0DBE /* GameRuleActions.hpp */ = {isa = PBXFileReference; lastKnownFileType = sourcecode.cpp.h; path = GameRuleActions.hpp; sourceTree = "<group>"; };
		34CEE64621DEDF56001A0DBE /* GameActionUtility.cpp */ = {isa = PBXFileReference; lastKnownFileType = sourcecode.cpp.cpp; path = GameActionUtility.cpp; sourceTree = "<group>"; };
		34CEE64721DEDF56001A0DBE /* GameActionUtility.hpp */ = {isa = PBXFileReference; lastKnownFileType = sourcecode.cpp.h; path = GameActionUtility.hpp; sourceTree = "<group>"; };
/* End PBXFileReference section */

/* Begin PBXFrameworksBuildPhase section */
		34533E0B21A394CB007B3F56 /* Frameworks */ = {
			isa = PBXFrameworksBuildPhase;
			buildActionMask = 2147483647;
			files = (
			);
			runOnlyForDeploymentPostprocessing = 0;
		};
/* End PBXFrameworksBuildPhase section */

/* Begin PBXGroup section */
		34533E0521A394CB007B3F56 = {
			isa = PBXGroup;
			children = (
				34533E1021A394CB007B3F56 /* CPlusPlusProject */,
				34533E0F21A394CB007B3F56 /* Products */,
			);
			sourceTree = "<group>";
		};
		34533E0F21A394CB007B3F56 /* Products */ = {
			isa = PBXGroup;
			children = (
				34533E0E21A394CB007B3F56 /* CPlusPlusProject */,
			);
			name = Products;
			sourceTree = "<group>";
		};
		34533E1021A394CB007B3F56 /* CPlusPlusProject */ = {
			isa = PBXGroup;
			children = (
				34CEE64521DD9E4A001A0DBE /* actions */,
				34CEE63F21DD9D71001A0DBE /* utilities */,
				34533E1121A394CB007B3F56 /* main.cpp */,
			);
			path = CPlusPlusProject;
			sourceTree = "<group>";
		};
		34CEE63F21DD9D71001A0DBE /* utilities */ = {
			isa = PBXGroup;
			children = (
				34CEE63C21DD9C65001A0DBE /* Constants.cpp */,
				34CEE63D21DD9C65001A0DBE /* Constants.hpp */,
				34533E1821D5B2E4007B3F56 /* GameRulesUtility.cpp */,
				34533E1921D5B2E4007B3F56 /* GameRulesUtility.hpp */,
				34CEE64621DEDF56001A0DBE /* GameActionUtility.cpp */,
				34CEE64721DEDF56001A0DBE /* GameActionUtility.hpp */,
			);
			path = utilities;
			sourceTree = "<group>";
		};
		34CEE64521DD9E4A001A0DBE /* actions */ = {
			isa = PBXGroup;
			children = (
				34CEE64221DD9E43001A0DBE /* GameRuleActions.cpp */,
				34CEE64321DD9E43001A0DBE /* GameRuleActions.hpp */,
			);
			path = actions;
			sourceTree = "<group>";
		};
/* End PBXGroup section */

/* Begin PBXNativeTarget section */
		34533E0D21A394CB007B3F56 /* CPlusPlusProject */ = {
			isa = PBXNativeTarget;
			buildConfigurationList = 34533E1521A394CB007B3F56 /* Build configuration list for PBXNativeTarget "CPlusPlusProject" */;
			buildPhases = (
				34533E0A21A394CB007B3F56 /* Sources */,
				34533E0B21A394CB007B3F56 /* Frameworks */,
				34533E0C21A394CB007B3F56 /* CopyFiles */,
				34CEE64921DEEFBC001A0DBE /* ShellScript */,
			);
			buildRules = (
			);
			dependencies = (
			);
			name = CPlusPlusProject;
			productName = CPlusPlusProject;
			productReference = 34533E0E21A394CB007B3F56 /* CPlusPlusProject */;
			productType = "com.apple.product-type.tool";
		};
/* End PBXNativeTarget section */

/* Begin PBXProject section */
		34533E0621A394CB007B3F56 /* Project object */ = {
			isa = PBXProject;
			attributes = {
				LastUpgradeCheck = 1010;
				ORGANIZATIONNAME = "Jesus' Blood";
				TargetAttributes = {
					34533E0D21A394CB007B3F56 = {
						CreatedOnToolsVersion = 10.1;
					};
				};
			};
			buildConfigurationList = 34533E0921A394CB007B3F56 /* Build configuration list for PBXProject "CPlusPlusProject" */;
			compatibilityVersion = "Xcode 9.3";
			developmentRegion = en;
			hasScannedForEncodings = 0;
			knownRegions = (
				en,
			);
			mainGroup = 34533E0521A394CB007B3F56;
			productRefGroup = 34533E0F21A394CB007B3F56 /* Products */;
			projectDirPath = "";
			projectRoot = "";
			targets = (
				34533E0D21A394CB007B3F56 /* CPlusPlusProject */,
			);
		};
/* End PBXProject section */

/* Begin PBXShellScriptBuildPhase section */
		34CEE64921DEEFBC001A0DBE /* ShellScript */ = {
			isa = PBXShellScriptBuildPhase;
			buildActionMask = 2147483647;
			files = (
			);
			inputFileListPaths = (
			);
			inputPaths = (
			);
			outputFileListPaths = (
			);
			outputPaths = (
			);
			runOnlyForDeploymentPostprocessing = 0;
			shellPath = /bin/sh;
			shellScript = "TAGS=\"TODO:|FIXME:\"\nERRORTAG=\"ERROR:\"\nfind \"${SRCROOT}\" \\( -name \"*.h\" -or -name \"*.m\" -or -name \"*.swift\" \\) -print0 | xargs -0 egrep --with-filename --line-number --only-matching \"($TAGS).*\\$|($ERRORTAG).*\\$\" | perl -p -e \"s/($TAGS)/ warning: \\$1/\" | perl -p -e \"s/($ERRORTAG)/ error: \\$1/\"\n";
		};
/* End PBXShellScriptBuildPhase section */

/* Begin PBXSourcesBuildPhase section */
		34533E0A21A394CB007B3F56 /* Sources */ = {
			isa = PBXSourcesBuildPhase;
			buildActionMask = 2147483647;
			files = (
				34533E1A21D5B2E4007B3F56 /* GameRulesUtility.cpp in Sources */,
				34CEE63E21DD9C65001A0DBE /* Constants.cpp in Sources */,
				34533E1221A394CB007B3F56 /* main.cpp in Sources */,
				34CEE64821DEDF56001A0DBE /* GameActionUtility.cpp in Sources */,
				34CEE64421DD9E43001A0DBE /* GameRuleActions.cpp in Sources */,
			);
			runOnlyForDeploymentPostprocessing = 0;
		};
/* End PBXSourcesBuildPhase section */

/* Begin XCBuildConfiguration section */
		34533E1321A394CB007B3F56 /* Debug */ = {
			isa = XCBuildConfiguration;
			buildSettings = {
				ALWAYS_SEARCH_USER_PATHS = NO;
				CLANG_ANALYZER_NONNULL = YES;
				CLANG_ANALYZER_NUMBER_OBJECT_CONVERSION = YES_AGGRESSIVE;
				CLANG_CXX_LANGUAGE_STANDARD = "gnu++14";
				CLANG_CXX_LIBRARY = "libc++";
				CLANG_ENABLE_MODULES = YES;
				CLANG_ENABLE_OBJC_ARC = YES;
				CLANG_ENABLE_OBJC_WEAK = YES;
				CLANG_WARN_BLOCK_CAPTURE_AUTORELEASING = YES;
				CLANG_WARN_BOOL_CONVERSION = YES;
				CLANG_WARN_COMMA = YES;
				CLANG_WARN_CONSTANT_CONVERSION = YES;
				CLANG_WARN_DEPRECATED_OBJC_IMPLEMENTATIONS = YES;
				CLANG_WARN_DIRECT_OBJC_ISA_USAGE = YES_ERROR;
				CLANG_WARN_DOCUMENTATION_COMMENTS = YES;
				CLANG_WARN_EMPTY_BODY = YES;
				CLANG_WARN_ENUM_CONVERSION = YES;
				CLANG_WARN_INFINITE_RECURSION = YES;
				CLANG_WARN_INT_CONVERSION = YES;
				CLANG_WARN_NON_LITERAL_NULL_CONVERSION = YES;
				CLANG_WARN_OBJC_IMPLICIT_RETAIN_SELF = YES;
				CLANG_WARN_OBJC_LITERAL_CONVERSION = YES;
				CLANG_WARN_OBJC_ROOT_CLASS = YES_ERROR;
				CLANG_WARN_RANGE_LOOP_ANALYSIS = YES;
				CLANG_WARN_STRICT_PROTOTYPES = YES;
				CLANG_WARN_SUSPICIOUS_MOVE = YES;
				CLANG_WARN_UNGUARDED_AVAILABILITY = YES_AGGRESSIVE;
				CLANG_WARN_UNREACHABLE_CODE = YES;
				CLANG_WARN__DUPLICATE_METHOD_MATCH = YES;
				CODE_SIGN_IDENTITY = "-";
				COPY_PHASE_STRIP = NO;
				DEBUG_INFORMATION_FORMAT = dwarf;
				ENABLE_STRICT_OBJC_MSGSEND = YES;
				ENABLE_TESTABILITY = YES;
				GCC_C_LANGUAGE_STANDARD = gnu11;
				GCC_DYNAMIC_NO_PIC = NO;
				GCC_NO_COMMON_BLOCKS = YES;
				GCC_OPTIMIZATION_LEVEL = 0;
				GCC_PREPROCESSOR_DEFINITIONS = (
					"DEBUG=1",
					"$(inherited)",
				);
				GCC_WARN_64_TO_32_BIT_CONVERSION = YES;
				GCC_WARN_ABOUT_RETURN_TYPE = YES_ERROR;
				GCC_WARN_UNDECLARED_SELECTOR = YES;
				GCC_WARN_UNINITIALIZED_AUTOS = YES_AGGRESSIVE;
				GCC_WARN_UNUSED_FUNCTION = YES;
				GCC_WARN_UNUSED_VARIABLE = YES;
				MACOSX_DEPLOYMENT_TARGET = 10.14;
				MTL_ENABLE_DEBUG_INFO = INCLUDE_SOURCE;
				MTL_FAST_MATH = YES;
				ONLY_ACTIVE_ARCH = YES;
				SDKROOT = macosx;
			};
			name = Debug;
		};
		34533E1421A394CB007B3F56 /* Release */ = {
			isa = XCBuildConfiguration;
			buildSettings = {
				ALWAYS_SEARCH_USER_PATHS = NO;
				CLANG_ANALYZER_NONNULL = YES;
				CLANG_ANALYZER_NUMBER_OBJECT_CONVERSION = YES_AGGRESSIVE;
				CLANG_CXX_LANGUAGE_STANDARD = "gnu++14";
				CLANG_CXX_LIBRARY = "libc++";
				CLANG_ENABLE_MODULES = YES;
				CLANG_ENABLE_OBJC_ARC = YES;
				CLANG_ENABLE_OBJC_WEAK = YES;
				CLANG_WARN_BLOCK_CAPTURE_AUTORELEASING = YES;
				CLANG_WARN_BOOL_CONVERSION = YES;
				CLANG_WARN_COMMA = YES;
				CLANG_WARN_CONSTANT_CONVERSION = YES;
				CLANG_WARN_DEPRECATED_OBJC_IMPLEMENTATIONS = YES;
				CLANG_WARN_DIRECT_OBJC_ISA_USAGE = YES_ERROR;
				CLANG_WARN_DOCUMENTATION_COMMENTS = YES;
				CLANG_WARN_EMPTY_BODY = YES;
				CLANG_WARN_ENUM_CONVERSION = YES;
				CLANG_WARN_INFINITE_RECURSION = YES;
				CLANG_WARN_INT_CONVERSION = YES;
				CLANG_WARN_NON_LITERAL_NULL_CONVERSION = YES;
				CLANG_WARN_OBJC_IMPLICIT_RETAIN_SELF = YES;
				CLANG_WARN_OBJC_LITERAL_CONVERSION = YES;
				CLANG_WARN_OBJC_ROOT_CLASS = YES_ERROR;
				CLANG_WARN_RANGE_LOOP_ANALYSIS = YES;
				CLANG_WARN_STRICT_PROTOTYPES = YES;
				CLANG_WARN_SUSPICIOUS_MOVE = YES;
				CLANG_WARN_UNGUARDED_AVAILABILITY = YES_AGGRESSIVE;
				CLANG_WARN_UNREACHABLE_CODE = YES;
				CLANG_WARN__DUPLICATE_METHOD_MATCH = YES;
				CODE_SIGN_IDENTITY = "-";
				COPY_PHASE_STRIP = NO;
				DEBUG_INFORMATION_FORMAT = "dwarf-with-dsym";
				ENABLE_NS_ASSERTIONS = NO;
				ENABLE_STRICT_OBJC_MSGSEND = YES;
				GCC_C_LANGUAGE_STANDARD = gnu11;
				GCC_NO_COMMON_BLOCKS = YES;
				GCC_WARN_64_TO_32_BIT_CONVERSION = YES;
				GCC_WARN_ABOUT_RETURN_TYPE = YES_ERROR;
				GCC_WARN_UNDECLARED_SELECTOR = YES;
				GCC_WARN_UNINITIALIZED_AUTOS = YES_AGGRESSIVE;
				GCC_WARN_UNUSED_FUNCTION = YES;
				GCC_WARN_UNUSED_VARIABLE = YES;
				MACOSX_DEPLOYMENT_TARGET = 10.14;
				MTL_ENABLE_DEBUG_INFO = NO;
				MTL_FAST_MATH = YES;
				SDKROOT = macosx;
			};
			name = Release;
		};
		34533E1621A394CB007B3F56 /* Debug */ = {
			isa = XCBuildConfiguration;
			buildSettings = {
				CODE_SIGN_STYLE = Automatic;
				PRODUCT_NAME = "$(TARGET_NAME)";
			};
			name = Debug;
		};
		34533E1721A394CB007B3F56 /* Release */ = {
			isa = XCBuildConfiguration;
			buildSettings = {
				CODE_SIGN_STYLE = Automatic;
				PRODUCT_NAME = "$(TARGET_NAME)";
			};
			name = Release;
		};
/* End XCBuildConfiguration section */

/* Begin XCConfigurationList section */
		34533E0921A394CB007B3F56 /* Build configuration list for PBXProject "CPlusPlusProject" */ = {
			isa = XCConfigurationList;
			buildConfigurations = (
				34533E1321A394CB007B3F56 /* Debug */,
				34533E1421A394CB007B3F56 /* Release */,
			);
			defaultConfigurationIsVisible = 0;
			defaultConfigurationName = Release;
		};
		34533E1521A394CB007B3F56 /* Build configuration list for PBXNativeTarget "CPlusPlusProject" */ = {
			isa = XCConfigurationList;
			buildConfigurations = (
				34533E1621A394CB007B3F56 /* Debug */,
				34533E1721A394CB007B3F56 /* Release */,
			);
			defaultConfigurationIsVisible = 0;
			defaultConfigurationName = Release;
		};
/* End XCConfigurationList section */
	};
	rootObject = 34533E0621A394CB007B3F56 /* Project object */;
}
